
Microsoft Visual Studio Solution File, Format Version 12.00
# Visual Studio Version 17
VisualStudioVersion = 17.1.32210.238
MinimumVisualStudioVersion = 10.0.40219.1
Project("{FAE04EC0-301F-11D3-BF4B-00C04F79EFBC}") = "BiblioGest", "BiblioGest\BiblioGest.csproj", "{81AA27DA-A8F6-4A59-9ABD-7AA749B8FFE3}"
EndProject
Global
	GlobalSection(SolutionConfigurationPlatforms) = preSolution
		Debug|Any CPU = Debug|Any CPU
		Release|Any CPU = Release|Any CPU
	EndGlobalSection
	GlobalSection(ProjectConfigurationPlatforms) = postSolution
		{81AA27DA-A8F6-4A59-9ABD-7AA749B8FFE3}.Debug|Any CPU.ActiveCfg = Debug|Any CPU
		{81AA27DA-A8F6-4A59-9ABD-7AA749B8FFE3}.Debug|Any CPU.Build.0 = Debug|Any CPU
		{81AA27DA-A8F6-4A59-9ABD-7AA749B8FFE3}.Release|Any CPU.ActiveCfg = Release|Any CPU
		{81AA27DA-A8F6-4A59-9ABD-7AA749B8FFE3}.Release|Any CPU.Build.0 = Release|Any CPU
	EndGlobalSection
	GlobalSection(SolutionProperties) = preSolution
		HideSolutionNode = FALSE
	EndGlobalSection
	GlobalSection(ExtensibilityGlobals) = postSolution
		SolutionGuid = {06B85E03-747A-4CBB-BB57-01B0DBDB9CC8}
	EndGlobalSection
EndGlobal
